
Microsoft Visual Studio Solution File, Format Version 12.00
Project("{FAE04EC0-301F-11D3-BF4B-00C04F79EFBC}") = "Ascend.AuthService.API", "Ascend.AuthService.API\Ascend.AuthService.API.csproj", "{F9769E27-5306-467D-8861-CCBE887CCF18}"
EndProject
Project("{FAE04EC0-301F-11D3-BF4B-00C04F79EFBC}") = "Ascend.AuthService.Business", "Ascend.AuthService.Business\Ascend.AuthService.Business.csproj", "{FA780FEE-3A01-4565-9547-4650063C9807}"
EndProject
Project("{FAE04EC0-301F-11D3-BF4B-00C04F79EFBC}") = "Ascend.AuthService.Domain", "Ascend.AuthService.Domain\Ascend.AuthService.Domain.csproj", "{A8829A3D-40EF-4B49-8E7F-69CEDD0751E1}"
EndProject
Project("{FAE04EC0-301F-11D3-BF4B-00C04F79EFBC}") = "Ascend.AuthService.DataAccess", "Ascend.AuthService.DataAccess\Ascend.AuthService.DataAccess.csproj", "{479B04E7-BB76-4824-B0A3-A017C02E8EB9}"
EndProject
Project("{FAE04EC0-301F-11D3-BF4B-00C04F79EFBC}") = "Ascend.AuthService.Infrastructure", "Ascend.AuthService.Infrastructure\Ascend.AuthService.Infrastructure.csproj", "{525A389A-8A05-4F2C-8577-32BBBD4F77DC}"
EndProject
Project("{FAE04EC0-301F-11D3-BF4B-00C04F79EFBC}") = "Ascend.AuthService.Migrations", "Ascend.AuthService.Migrations\Ascend.AuthService.Migrations.csproj", "{EDA1B2FF-174E-449A-89BF-156C4D85EB91}"
EndProject
Project("{FAE04EC0-301F-11D3-BF4B-00C04F79EFBC}") = "Ascend.AuthService.GrpcClients", "Ascend.AuthService.GrpcClients\Ascend.AuthService.GrpcClients.csproj", "{ADB4C849-04C1-46B3-AB5D-B5BB049DE2B7}"
EndProject
Global
	GlobalSection(SolutionConfigurationPlatforms) = preSolution
		Debug|Any CPU = Debug|Any CPU
		Release|Any CPU = Release|Any CPU
	EndGlobalSection
	GlobalSection(ProjectConfigurationPlatforms) = postSolution
		{F9769E27-5306-467D-8861-CCBE887CCF18}.Debug|Any CPU.ActiveCfg = Debug|Any CPU
		{F9769E27-5306-467D-8861-CCBE887CCF18}.Debug|Any CPU.Build.0 = Debug|Any CPU
		{F9769E27-5306-467D-8861-CCBE887CCF18}.Release|Any CPU.ActiveCfg = Release|Any CPU
		{F9769E27-5306-467D-8861-CCBE887CCF18}.Release|Any CPU.Build.0 = Release|Any CPU
		{FA780FEE-3A01-4565-9547-4650063C9807}.Debug|Any CPU.ActiveCfg = Debug|Any CPU
		{FA780FEE-3A01-4565-9547-4650063C9807}.Debug|Any CPU.Build.0 = Debug|Any CPU
		{FA780FEE-3A01-4565-9547-4650063C9807}.Release|Any CPU.ActiveCfg = Release|Any CPU
		{FA780FEE-3A01-4565-9547-4650063C9807}.Release|Any CPU.Build.0 = Release|Any CPU
		{A8829A3D-40EF-4B49-8E7F-69CEDD0751E1}.Debug|Any CPU.ActiveCfg = Debug|Any CPU
		{A8829A3D-40EF-4B49-8E7F-69CEDD0751E1}.Debug|Any CPU.Build.0 = Debug|Any CPU
		{A8829A3D-40EF-4B49-8E7F-69CEDD0751E1}.Release|Any CPU.ActiveCfg = Release|Any CPU
		{A8829A3D-40EF-4B49-8E7F-69CEDD0751E1}.Release|Any CPU.Build.0 = Release|Any CPU
		{479B04E7-BB76-4824-B0A3-A017C02E8EB9}.Debug|Any CPU.ActiveCfg = Debug|Any CPU
		{479B04E7-BB76-4824-B0A3-A017C02E8EB9}.Debug|Any CPU.Build.0 = Debug|Any CPU
		{479B04E7-BB76-4824-B0A3-A017C02E8EB9}.Release|Any CPU.ActiveCfg = Release|Any CPU
		{479B04E7-BB76-4824-B0A3-A017C02E8EB9}.Release|Any CPU.Build.0 = Release|Any CPU
		{525A389A-8A05-4F2C-8577-32BBBD4F77DC}.Debug|Any CPU.ActiveCfg = Debug|Any CPU
		{525A389A-8A05-4F2C-8577-32BBBD4F77DC}.Debug|Any CPU.Build.0 = Debug|Any CPU
		{525A389A-8A05-4F2C-8577-32BBBD4F77DC}.Release|Any CPU.ActiveCfg = Release|Any CPU
		{525A389A-8A05-4F2C-8577-32BBBD4F77DC}.Release|Any CPU.Build.0 = Release|Any CPU
		{EDA1B2FF-174E-449A-89BF-156C4D85EB91}.Debug|Any CPU.ActiveCfg = Debug|Any CPU
		{EDA1B2FF-174E-449A-89BF-156C4D85EB91}.Debug|Any CPU.Build.0 = Debug|Any CPU
		{EDA1B2FF-174E-449A-89BF-156C4D85EB91}.Release|Any CPU.ActiveCfg = Release|Any CPU
		{EDA1B2FF-174E-449A-89BF-156C4D85EB91}.Release|Any CPU.Build.0 = Release|Any CPU
		{ADB4C849-04C1-46B3-AB5D-B5BB049DE2B7}.Debug|Any CPU.ActiveCfg = Debug|Any CPU
		{ADB4C849-04C1-46B3-AB5D-B5BB049DE2B7}.Debug|Any CPU.Build.0 = Debug|Any CPU
		{ADB4C849-04C1-46B3-AB5D-B5BB049DE2B7}.Release|Any CPU.ActiveCfg = Release|Any CPU
		{ADB4C849-04C1-46B3-AB5D-B5BB049DE2B7}.Release|Any CPU.Build.0 = Release|Any CPU
	EndGlobalSection
EndGlobal
